symfony 6a25df0ebf92074bf541fc7ca53d9fcd27981c3d
twig 396435ecd05556adb0a8bd05b14641cb4f8a8aa5
monolog 303b8a83c87d5c6d749926cf02620465a5dcd0f2
doctrine-common 174111c8d245d560e1af4c7455b730347f85686d
doctrine-dbal 54f474b3c321676ceadbe4288396902405d87756
doctrine 05d12e20be58ab4d5fa403c5bd6ac06d1fce97e5
swiftmailer 1f273a7cd466a2dd82e59431dd5ce15f36996688
assetic f829ad23d23c87480151a21faad49fefe7c09e5d
twig-extensions eba4f5d572bec05c72a47bbd73ba0a3330cf8f54
metadata 8717ad2a5689480765d9ffafe925cd8a2457e582
SensioFrameworkExtraBundle 9b9194a47effc66b08d44ae110b982352119ca17
JMSSecurityExtraBundle 39b24776b29f56aa65b2bd67568073e4f66600ee
SensioDistributionBundle a186b53154bc137a65802ef567e4a2eee2082d21
SensioGeneratorBundle 88ecf05691825c81b6a19ca6e2dc1849f1a5dcd4
AsseticBundle 9c1b7269a4517d1ae94af2dc0d6d6fc4b31e6c10
twitter-bootstrap c85e93cd9045ee00c29130bcb6d75d78d033ef5d
AopBundle 16106fc6297a6257f5860af4c5099bba4a859128